github.com/arran4/go-subcommand v0.0.11 h1:Dur/lHKw3MxnHismcu1I88oPzJSPXL5JF96jhGZGK6g=
github.com/arran4/go-subcommand v0.0.11/go.mod h1:hhtvB8G+zHAvzOVYySnRTzRVlSqwsTAlUaejH/owgkA=
github.com/arran4/go-subcommand v0.0.12 h1:K0oUMA5+NT8MI4mUe8T/5O4Ej1C8x6HAuca/skD9KBM=
github.com/arran4/go-subcommand v0.0.12/go.mod h1:LEAmrgQ24G7UJfki/zk+TLr3AwIX+JA2CkpSYvVGAbQ=
github.com/teekennedy/goldmark-markdown v0.5.1 h1:2lIlJ3AcIwaD1wFl4dflJSJFMhRTKEsEj+asVsu6M/0=
github.com/teekennedy/goldmark-markdown v0.5.1/go.mod h1:so260mNSPELuRyynZY18719dRYlD+OSnAovqsyrOMOM=
github.com/yuin/goldmark v1.7.8 h1:iERMLn0/QJeHFhxSt3p6PeN9mGnvIKSpG9YYorDMnic=
github.com/yuin/goldmark v1.7.8/go.mod h1:uzxRWxtg69N339t3louHJ7+O03ezfj6PlliRlaOzY1E=
golang.org/x/mod v0.31.0 h1:HaW9xtz0+kOcWKwli0ZXy79Ix+UW/vOfmWI5QVd2tgI=
golang.org/x/mod v0.31.0/go.mod h1:43JraMp9cGx1Rx3AqioxrbrhNsLl2l/iNAvuBkrezpg=
golang.org/x/text v0.32.0 h1:ZD01bjUt1FQ9WJ0ClOL5vxgxOI/sVCNgX1YtKwcY0mU=
golang.org/x/text v0.32.0/go.mod h1:o/rUWzghvpD5TXrTIBuJU77MTaN0ljMWE47kxGJQ7jY=
